
Microsoft Visual Studio Solution File, Format Version 12.00
# Visual Studio Version 17
VisualStudioVersion = 17.14.36310.24 d17.14
MinimumVisualStudioVersion = 10.0.40219.1
Project("{FAE04EC0-301F-11D3-BF4B-00C04F79EFBC}") = "FileIO", "FileIO.csproj", "{61FF73C7-FCB7-40A1-A2AF-5C95B1DEFC56}"
EndProject
Global
	GlobalSection(SolutionConfigurationPlatforms) = preSolution
		Debug|Any CPU = Debug|Any CPU
		Release|Any CPU = Release|Any CPU
	EndGlobalSection
	GlobalSection(ProjectConfigurationPlatforms) = postSolution
		{61FF73C7-FCB7-40A1-A2AF-5C95B1DEFC56}.Debug|Any CPU.ActiveCfg = Debug|Any CPU
		{61FF73C7-FCB7-40A1-A2AF-5C95B1DEFC56}.Debug|Any CPU.Build.0 = Debug|Any CPU
		{61FF73C7-FCB7-40A1-A2AF-5C95B1DEFC56}.Release|Any CPU.ActiveCfg = Release|Any CPU
		{61FF73C7-FCB7-40A1-A2AF-5C95B1DEFC56}.Release|Any CPU.Build.0 = Release|Any CPU
	EndGlobalSection
	GlobalSection(SolutionProperties) = preSolution
		HideSolutionNode = FALSE
	EndGlobalSection
	GlobalSection(ExtensibilityGlobals) = postSolution
		SolutionGuid = {93F30169-DEDC-4460-9424-0380FB8DE959}
	EndGlobalSection
EndGlobal
