
Microsoft Visual Studio Solution File, Format Version 12.00
# Visual Studio Version 17
VisualStudioVersion = 17.14.36310.24 d17.14
MinimumVisualStudioVersion = 10.0.40219.1
Project("{FAE04EC0-301F-11D3-BF4B-00C04F79EFBC}") = "StaticMethods_Review", "StaticMethods_Review.csproj", "{E56A8E4C-B387-4299-B31D-B04BCF3D6054}"
EndProject
Global
	GlobalSection(SolutionConfigurationPlatforms) = preSolution
		Debug|Any CPU = Debug|Any CPU
		Release|Any CPU = Release|Any CPU
	EndGlobalSection
	GlobalSection(ProjectConfigurationPlatforms) = postSolution
		{E56A8E4C-B387-4299-B31D-B04BCF3D6054}.Debug|Any CPU.ActiveCfg = Debug|Any CPU
		{E56A8E4C-B387-4299-B31D-B04BCF3D6054}.Debug|Any CPU.Build.0 = Debug|Any CPU
		{E56A8E4C-B387-4299-B31D-B04BCF3D6054}.Release|Any CPU.ActiveCfg = Release|Any CPU
		{E56A8E4C-B387-4299-B31D-B04BCF3D6054}.Release|Any CPU.Build.0 = Release|Any CPU
	EndGlobalSection
	GlobalSection(SolutionProperties) = preSolution
		HideSolutionNode = FALSE
	EndGlobalSection
	GlobalSection(ExtensibilityGlobals) = postSolution
		SolutionGuid = {9D02DC9E-FDF3-4571-9730-1FD4D21B8902}
	EndGlobalSection
EndGlobal
